// !$*UTF8*$!
{
	archiveVersion = 1;
	classes = {
	};
	objectVersion = 56;
	objects = {

/* Begin PBXBuildFile section */
		4F5AD42C2A67DC710046B39D /* MeuAppTesteApp.swift in Sources */ = {isa = PBXBuildFile; fileRef = 4F5AD42B2A67DC710046B39D /* MeuAppTesteApp.swift */; };
		4F5AD42E2A67DC710046B39D /* ContentView.swift in Sources */ = {isa = PBXBuildFile; fileRef = 4F5AD42D2A67DC710046B39D /* ContentView.swift */; };
		4F5AD4302A67DC720046B39D /* Assets.xcassets in Resources */ = {isa = PBXBuildFile; fileRef = 4F5AD42F2A67DC720046B39D /* Assets.xcassets */; };
		4F5AD4332A67DC720046B39D /* Preview Assets.xcassets in Resources */ = {isa = PBXBuildFile; fileRef = 4F5AD4322A67DC720046B39D /* Preview Assets.xcassets */; };
		4F5AD43D2A67DC720046B39D /* MeuAppTesteTests.swift in Sources */ = {isa = PBXBuildFile; fileRef = 4F5AD43C2A67DC720046B39D /* MeuAppTesteTests.swift */; };
		4F5AD4472A67DC720046B39D /* MeuAppTesteUITests.swift in Sources */ = {isa = PBXBuildFile; fileRef = 4F5AD4462A67DC720046B39D /* MeuAppTesteUITests.swift */; };
		4F5AD4492A67DC720046B39D /* MeuAppTesteUITestsLaunchTests.swift in Sources */ = {isa = PBXBuildFile; fileRef = 4F5AD4482A67DC720046B39D /* MeuAppTesteUITestsLaunchTests.swift */; };
		4F5AD4562A67DFE40046B39D /* CircleImage.swift in Sources */ = {isa = PBXBuildFile; fileRef = 4F5AD4552A67DFE40046B39D /* CircleImage.swift */; };
		4F5AD4582A67E0A60046B39D /* MapView.swift in Sources */ = {isa = PBXBuildFile; fileRef = 4F5AD4572A67E0A60046B39D /* MapView.swift */; };
		4F5AD45A2A67E4B70046B39D /* landmarkData.json in Resources */ = {isa = PBXBuildFile; fileRef = 4F5AD4592A67E4B70046B39D /* landmarkData.json */; };
		4F5AD45C2A67E4E90046B39D /* Landmark.swift in Sources */ = {isa = PBXBuildFile; fileRef = 4F5AD45B2A67E4E90046B39D /* Landmark.swift */; };
		4F5AD45E2A67E73D0046B39D /* ModelData.swift in Sources */ = {isa = PBXBuildFile; fileRef = 4F5AD45D2A67E73D0046B39D /* ModelData.swift */; };
		4F5AD4632A67E9320046B39D /* LandmarkRow.swift in Sources */ = {isa = PBXBuildFile; fileRef = 4F5AD4622A67E9320046B39D /* LandmarkRow.swift */; };
		4F5AD4652A67EAD30046B39D /* LandmarkList.swift in Sources */ = {isa = PBXBuildFile; fileRef = 4F5AD4642A67EAD30046B39D /* LandmarkList.swift */; };
		4F5AD4672A67EB980046B39D /* LandmarkDetail.swift in Sources */ = {isa = PBXBuildFile; fileRef = 4F5AD4662A67EB980046B39D /* LandmarkDetail.swift */; };
		4F5AD4692A67F51C0046B39D /* FavoriteButton.swift in Sources */ = {isa = PBXBuildFile; fileRef = 4F5AD4682A67F51C0046B39D /* FavoriteButton.swift */; };
		4F5AD46D2A67F7710046B39D /* HexagonParameters.swift in Sources */ = {isa = PBXBuildFile; fileRef = 4F5AD46C2A67F7710046B39D /* HexagonParameters.swift */; };
		4F5AD46F2A67F84F0046B39D /* BadgeBackground.swift in Sources */ = {isa = PBXBuildFile; fileRef = 4F5AD46E2A67F84F0046B39D /* BadgeBackground.swift */; };
		4F5AD4732A67FC020046B39D /* BadgeSymbol.swift in Sources */ = {isa = PBXBuildFile; fileRef = 4F5AD4722A67FC020046B39D /* BadgeSymbol.swift */; };
		4F5AD4752A67FC730046B39D /* RotatedBadgeSymbol.swift in Sources */ = {isa = PBXBuildFile; fileRef = 4F5AD4742A67FC730046B39D /* RotatedBadgeSymbol.swift */; };
		4F5AD4772A67FCA00046B39D /* Badge.swift in Sources */ = {isa = PBXBuildFile; fileRef = 4F5AD4762A67FCA00046B39D /* Badge.swift */; };
/* End PBXBuildFile section */

/* Begin PBXContainerItemProxy section */
		4F5AD4392A67DC720046B39D /* PBXContainerItemProxy */ = {
			isa = PBXContainerItemProxy;
			containerPortal = 4F5AD4202A67DC710046B39D /* Project object */;
			proxyType = 1;
			remoteGlobalIDString = 4F5AD4272A67DC710046B39D;
			remoteInfo = MeuAppTeste;
		};
		4F5AD4432A67DC720046B39D /* PBXContainerItemProxy */ = {
			isa = PBXContainerItemProxy;
			containerPortal = 4F5AD4202A67DC710046B39D /* Project object */;
			proxyType = 1;
			remoteGlobalIDString = 4F5AD4272A67DC710046B39D;
			remoteInfo = MeuAppTeste;
		};
/* End PBXContainerItemProxy section */

/* Begin PBXFileReference section */
		4F5AD4282A67DC710046B39D /* MeuAppTeste.app */ = {isa = PBXFileReference; explicitFileType = wrapper.application; includeInIndex = 0; path = MeuAppTeste.app; sourceTree = BUILT_PRODUCTS_DIR; };
		4F5AD42B2A67DC710046B39D /* MeuAppTesteApp.swift */ = {isa = PBXFileReference; lastKnownFileType = sourcecode.swift; path = MeuAppTesteApp.swift; sourceTree = "<group>"; };
		4F5AD42D2A67DC710046B39D /* ContentView.swift */ = {isa = PBXFileReference; lastKnownFileType = sourcecode.swift; path = ContentView.swift; sourceTree = "<group>"; };
		4F5AD42F2A67DC720046B39D /* Assets.xcassets */ = {isa = PBXFileReference; lastKnownFileType = folder.assetcatalog; path = Assets.xcassets; sourceTree = "<group>"; };
		4F5AD4322A67DC720046B39D /* Preview Assets.xcassets */ = {isa = PBXFileReference; lastKnownFileType = folder.assetcatalog; path = "Preview Assets.xcassets"; sourceTree = "<group>"; };
		4F5AD4382A67DC720046B39D /* MeuAppTesteTests.xctest */ = {isa = PBXFileReference; explicitFileType = wrapper.cfbundle; includeInIndex = 0; path = MeuAppTesteTests.xctest; sourceTree = BUILT_PRODUCTS_DIR; };
		4F5AD43C2A67DC720046B39D /* MeuAppTesteTests.swift */ = {isa = PBXFileReference; lastKnownFileType = sourcecode.swift; path = MeuAppTesteTests.swift; sourceTree = "<group>"; };
		4F5AD4422A67DC720046B39D /* MeuAppTesteUITests.xctest */ = {isa = PBXFileReference; explicitFileType = wrapper.cfbundle; includeInIndex = 0; path = MeuAppTesteUITests.xctest; sourceTree = BUILT_PRODUCTS_DIR; };
		4F5AD4462A67DC720046B39D /* MeuAppTesteUITests.swift */ = {isa = PBXFileReference; lastKnownFileType = sourcecode.swift; path = MeuAppTesteUITests.swift; sourceTree = "<group>"; };
		4F5AD4482A67DC720046B39D /* MeuAppTesteUITestsLaunchTests.swift */ = {isa = PBXFileReference; lastKnownFileType = sourcecode.swift; path = MeuAppTesteUITestsLaunchTests.swift; sourceTree = "<group>"; };
		4F5AD4552A67DFE40046B39D /* CircleImage.swift */ = {isa = PBXFileReference; lastKnownFileType = sourcecode.swift; path = CircleImage.swift; sourceTree = "<group>"; };
		4F5AD4572A67E0A60046B39D /* MapView.swift */ = {isa = PBXFileReference; lastKnownFileType = sourcecode.swift; path = MapView.swift; sourceTree = "<group>"; };
		4F5AD4592A67E4B70046B39D /* landmarkData.json */ = {isa = PBXFileReference; fileEncoding = 4; lastKnownFileType = text.json; path = landmarkData.json; sourceTree = "<group>"; };
		4F5AD45B2A67E4E90046B39D /* Landmark.swift */ = {isa = PBXFileReference; lastKnownFileType = sourcecode.swift; path = Landmark.swift; sourceTree = "<group>"; };
		4F5AD45D2A67E73D0046B39D /* ModelData.swift */ = {isa = PBXFileReference; lastKnownFileType = sourcecode.swift; path = ModelData.swift; sourceTree = "<group>"; };
		4F5AD4622A67E9320046B39D /* LandmarkRow.swift */ = {isa = PBXFileReference; lastKnownFileType = sourcecode.swift; path = LandmarkRow.swift; sourceTree = "<group>"; };
		4F5AD4642A67EAD30046B39D /* LandmarkList.swift */ = {isa = PBXFileReference; lastKnownFileType = sourcecode.swift; path = LandmarkList.swift; sourceTree = "<group>"; };
		4F5AD4662A67EB980046B39D /* LandmarkDetail.swift */ = {isa = PBXFileReference; lastKnownFileType = sourcecode.swift; path = LandmarkDetail.swift; sourceTree = "<group>"; };
		4F5AD4682A67F51C0046B39D /* FavoriteButton.swift */ = {isa = PBXFileReference; lastKnownFileType = sourcecode.swift; path = FavoriteButton.swift; sourceTree = "<group>"; };
		4F5AD46C2A67F7710046B39D /* HexagonParameters.swift */ = {isa = PBXFileReference; lastKnownFileType = sourcecode.swift; path = HexagonParameters.swift; sourceTree = "<group>"; };
		4F5AD46E2A67F84F0046B39D /* BadgeBackground.swift */ = {isa = PBXFileReference; lastKnownFileType = sourcecode.swift; path = BadgeBackground.swift; sourceTree = "<group>"; };
		4F5AD4722A67FC020046B39D /* BadgeSymbol.swift */ = {isa = PBXFileReference; lastKnownFileType = sourcecode.swift; path = BadgeSymbol.swift; sourceTree = "<group>"; };
		4F5AD4742A67FC730046B39D /* RotatedBadgeSymbol.swift */ = {isa = PBXFileReference; lastKnownFileType = sourcecode.swift; path = RotatedBadgeSymbol.swift; sourceTree = "<group>"; };
		4F5AD4762A67FCA00046B39D /* Badge.swift */ = {isa = PBXFileReference; lastKnownFileType = sourcecode.swift; path = Badge.swift; sourceTree = "<group>"; };
/* End PBXFileReference section */

/* Begin PBXFrameworksBuildPhase section */
		4F5AD4252A67DC710046B39D /* Frameworks */ = {
			isa = PBXFrameworksBuildPhase;
			buildActionMask = 2147483647;
			files = (
			);
			runOnlyForDeploymentPostprocessing = 0;
		};
		4F5AD4352A67DC720046B39D /* Frameworks */ = {
			isa = PBXFrameworksBuildPhase;
			buildActionMask = 2147483647;
			files = (
			);
			runOnlyForDeploymentPostprocessing = 0;
		};
		4F5AD43F2A67DC720046B39D /* Frameworks */ = {
			isa = PBXFrameworksBuildPhase;
			buildActionMask = 2147483647;
			files = (
			);
			runOnlyForDeploymentPostprocessing = 0;
		};
/* End PBXFrameworksBuildPhase section */

/* Begin PBXGroup section */
		4F5AD41F2A67DC710046B39D = {
			isa = PBXGroup;
			children = (
				4F5AD42A2A67DC710046B39D /* MeuAppTeste */,
				4F5AD43B2A67DC720046B39D /* MeuAppTesteTests */,
				4F5AD4452A67DC720046B39D /* MeuAppTesteUITests */,
				4F5AD4292A67DC710046B39D /* Products */,
			);
			sourceTree = "<group>";
		};
		4F5AD4292A67DC710046B39D /* Products */ = {
			isa = PBXGroup;
			children = (
				4F5AD4282A67DC710046B39D /* MeuAppTeste.app */,
				4F5AD4382A67DC720046B39D /* MeuAppTesteTests.xctest */,
				4F5AD4422A67DC720046B39D /* MeuAppTesteUITests.xctest */,
			);
			name = Products;
			sourceTree = "<group>";
		};
		4F5AD42A2A67DC710046B39D /* MeuAppTeste */ = {
			isa = PBXGroup;
			children = (
				4F5AD42B2A67DC710046B39D /* MeuAppTesteApp.swift */,
				4F5AD4612A67E8CD0046B39D /* Views */,
				4F5AD4602A67E8B90046B39D /* Resources */,
				4F5AD42F2A67DC720046B39D /* Assets.xcassets */,
				4F5AD4312A67DC720046B39D /* Preview Content */,
				4F5AD45F2A67E8980046B39D /* Model */,
			);
			path = MeuAppTeste;
			sourceTree = "<group>";
		};
		4F5AD4312A67DC720046B39D /* Preview Content */ = {
			isa = PBXGroup;
			children = (
				4F5AD4322A67DC720046B39D /* Preview Assets.xcassets */,
			);
			path = "Preview Content";
			sourceTree = "<group>";
		};
		4F5AD43B2A67DC720046B39D /* MeuAppTesteTests */ = {
			isa = PBXGroup;
			children = (
				4F5AD43C2A67DC720046B39D /* MeuAppTesteTests.swift */,
			);
			path = MeuAppTesteTests;
			sourceTree = "<group>";
		};
		4F5AD4452A67DC720046B39D /* MeuAppTesteUITests */ = {
			isa = PBXGroup;
			children = (
				4F5AD4462A67DC720046B39D /* MeuAppTesteUITests.swift */,
				4F5AD4482A67DC720046B39D /* MeuAppTesteUITestsLaunchTests.swift */,
			);
			path = MeuAppTesteUITests;
			sourceTree = "<group>";
		};
		4F5AD45F2A67E8980046B39D /* Model */ = {
			isa = PBXGroup;
			children = (
				4F5AD45B2A67E4E90046B39D /* Landmark.swift */,
				4F5AD45D2A67E73D0046B39D /* ModelData.swift */,
			);
			path = Model;
			sourceTree = "<group>";
		};
		4F5AD4602A67E8B90046B39D /* Resources */ = {
			isa = PBXGroup;
			children = (
				4F5AD4592A67E4B70046B39D /* landmarkData.json */,
			);
			path = Resources;
			sourceTree = "<group>";
		};
		4F5AD4612A67E8CD0046B39D /* Views */ = {
			isa = PBXGroup;
			children = (
				4F5AD4782A67FD000046B39D /* Badges */,
				4F5AD46B2A67F5D30046B39D /* Landmarks */,
				4F5AD46A2A67F5B70046B39D /* Helpers */,
			);
			path = Views;
			sourceTree = "<group>";
		};
		4F5AD46A2A67F5B70046B39D /* Helpers */ = {
			isa = PBXGroup;
			children = (
				4F5AD42D2A67DC710046B39D /* ContentView.swift */,
				4F5AD4572A67E0A60046B39D /* MapView.swift */,
				4F5AD4682A67F51C0046B39D /* FavoriteButton.swift */,
				4F5AD4552A67DFE40046B39D /* CircleImage.swift */,
			);
			path = Helpers;
			sourceTree = "<group>";
		};
		4F5AD46B2A67F5D30046B39D /* Landmarks */ = {
			isa = PBXGroup;
			children = (
				4F5AD4622A67E9320046B39D /* LandmarkRow.swift */,
				4F5AD4642A67EAD30046B39D /* LandmarkList.swift */,
				4F5AD4662A67EB980046B39D /* LandmarkDetail.swift */,
			);
			path = Landmarks;
			sourceTree = "<group>";
		};
		4F5AD4782A67FD000046B39D /* Badges */ = {
			isa = PBXGroup;
			children = (
				4F5AD46C2A67F7710046B39D /* HexagonParameters.swift */,
				4F5AD46E2A67F84F0046B39D /* BadgeBackground.swift */,
				4F5AD4722A67FC020046B39D /* BadgeSymbol.swift */,
				4F5AD4742A67FC730046B39D /* RotatedBadgeSymbol.swift */,
				4F5AD4762A67FCA00046B39D /* Badge.swift */,
			);
			path = Badges;
			sourceTree = "<group>";
		};
/* End PBXGroup section */

/* Begin PBXNativeTarget section */
		4F5AD4272A67DC710046B39D /* MeuAppTeste */ = {
			isa = PBXNativeTarget;
			buildConfigurationList = 4F5AD44C2A67DC720046B39D /* Build configuration list for PBXNativeTarget "MeuAppTeste" */;
			buildPhases = (
				4F5AD4242A67DC710046B39D /* Sources */,
				4F5AD4252A67DC710046B39D /* Frameworks */,
				4F5AD4262A67DC710046B39D /* Resources */,
			);
			buildRules = (
			);
			dependencies = (
			);
			name = MeuAppTeste;
			productName = MeuAppTeste;
			productReference = 4F5AD4282A67DC710046B39D /* MeuAppTeste.app */;
			productType = "com.apple.product-type.application";
		};
		4F5AD4372A67DC720046B39D /* MeuAppTesteTests */ = {
			isa = PBXNativeTarget;
			buildConfigurationList = 4F5AD44F2A67DC720046B39D /* Build configuration list for PBXNativeTarget "MeuAppTesteTests" */;
			buildPhases = (
				4F5AD4342A67DC720046B39D /* Sources */,
				4F5AD4352A67DC720046B39D /* Frameworks */,
				4F5AD4362A67DC720046B39D /* Resources */,
			);
			buildRules = (
			);
			dependencies = (
				4F5AD43A2A67DC720046B39D /* PBXTargetDependency */,
			);
			name = MeuAppTesteTests;
			productName = MeuAppTesteTests;
			productReference = 4F5AD4382A67DC720046B39D /* MeuAppTesteTests.xctest */;
			productType = "com.apple.product-type.bundle.unit-test";
		};
		4F5AD4412A67DC720046B39D /* MeuAppTesteUITests */ = {
			isa = PBXNativeTarget;
			buildConfigurationList = 4F5AD4522A67DC720046B39D /* Build configuration list for PBXNativeTarget "MeuAppTesteUITests" */;
			buildPhases = (
				4F5AD43E2A67DC720046B39D /* Sources */,
				4F5AD43F2A67DC720046B39D /* Frameworks */,
				4F5AD4402A67DC720046B39D /* Resources */,
			);
			buildRules = (
			);
			dependencies = (
				4F5AD4442A67DC720046B39D /* PBXTargetDependency */,
			);
			name = MeuAppTesteUITests;
			productName = MeuAppTesteUITests;
			productReference = 4F5AD4422A67DC720046B39D /* MeuAppTesteUITests.xctest */;
			productType = "com.apple.product-type.bundle.ui-testing";
		};
/* End PBXNativeTarget section */

/* Begin PBXProject section */
		4F5AD4202A67DC710046B39D /* Project object */ = {
			isa = PBXProject;
			attributes = {
				BuildIndependentTargetsInParallel = 1;
				LastSwiftUpdateCheck = 1430;
				LastUpgradeCheck = 1430;
				TargetAttributes = {
					4F5AD4272A67DC710046B39D = {
						CreatedOnToolsVersion = 14.3.1;
					};
					4F5AD4372A67DC720046B39D = {
						CreatedOnToolsVersion = 14.3.1;
						TestTargetID = 4F5AD4272A67DC710046B39D;
					};
					4F5AD4412A67DC720046B39D = {
						CreatedOnToolsVersion = 14.3.1;
						TestTargetID = 4F5AD4272A67DC710046B39D;
					};
				};
			};
			buildConfigurationList = 4F5AD4232A67DC710046B39D /* Build configuration list for PBXProject "MeuAppTeste" */;
			compatibilityVersion = "Xcode 14.0";
			developmentRegion = en;
			hasScannedForEncodings = 0;
			knownRegions = (
				en,
				Base,
			);
			mainGroup = 4F5AD41F2A67DC710046B39D;
			productRefGroup = 4F5AD4292A67DC710046B39D /* Products */;
			projectDirPath = "";
			projectRoot = "";
			targets = (
				4F5AD4272A67DC710046B39D /* MeuAppTeste */,
				4F5AD4372A67DC720046B39D /* MeuAppTesteTests */,
				4F5AD4412A67DC720046B39D /* MeuAppTesteUITests */,
			);
		};
/* End PBXProject section */

/* Begin PBXResourcesBuildPhase section */
		4F5AD4262A67DC710046B39D /* Resources */ = {
			isa = PBXResourcesBuildPhase;
			buildActionMask = 2147483647;
			files = (
				4F5AD4332A67DC720046B39D /* Preview Assets.xcassets in Resources */,
				4F5AD4302A67DC720046B39D /* Assets.xcassets in Resources */,
				4F5AD45A2A67E4B70046B39D /* landmarkData.json in Resources */,
			);
			runOnlyForDeploymentPostprocessing = 0;
		};
		4F5AD4362A67DC720046B39D /* Resources */ = {
			isa = PBXResourcesBuildPhase;
			buildActionMask = 2147483647;
			files = (
			);
			runOnlyForDeploymentPostprocessing = 0;
		};
		4F5AD4402A67DC720046B39D /* Resources */ = {
			isa = PBXResourcesBuildPhase;
			buildActionMask = 2147483647;
			files = (
			);
			runOnlyForDeploymentPostprocessing = 0;
		};
/* End PBXResourcesBuildPhase section */

/* Begin PBXSourcesBuildPhase section */
		4F5AD4242A67DC710046B39D /* Sources */ = {
			isa = PBXSourcesBuildPhase;
			buildActionMask = 2147483647;
			files = (
				4F5AD42E2A67DC710046B39D /* ContentView.swift in Sources */,
				4F5AD4772A67FCA00046B39D /* Badge.swift in Sources */,
				4F5AD4582A67E0A60046B39D /* MapView.swift in Sources */,
				4F5AD42C2A67DC710046B39D /* MeuAppTesteApp.swift in Sources */,
				4F5AD4692A67F51C0046B39D /* FavoriteButton.swift in Sources */,
				4F5AD46D2A67F7710046B39D /* HexagonParameters.swift in Sources */,
				4F5AD4752A67FC730046B39D /* RotatedBadgeSymbol.swift in Sources */,
				4F5AD4732A67FC020046B39D /* BadgeSymbol.swift in Sources */,
				4F5AD4652A67EAD30046B39D /* LandmarkList.swift in Sources */,
				4F5AD4672A67EB980046B39D /* LandmarkDetail.swift in Sources */,
				4F5AD46F2A67F84F0046B39D /* BadgeBackground.swift in Sources */,
				4F5AD4562A67DFE40046B39D /* CircleImage.swift in Sources */,
				4F5AD45C2A67E4E90046B39D /* Landmark.swift in Sources */,
				4F5AD4632A67E9320046B39D /* LandmarkRow.swift in Sources */,
				4F5AD45E2A67E73D0046B39D /* ModelData.swift in Sources */,
			);
			runOnlyForDeploymentPostprocessing = 0;
		};
		4F5AD4342A67DC720046B39D /* Sources */ = {
			isa = PBXSourcesBuildPhase;
			buildActionMask = 2147483647;
			files = (
				4F5AD43D2A67DC720046B39D /* MeuAppTesteTests.swift in Sources */,
			);
			runOnlyForDeploymentPostprocessing = 0;
		};
		4F5AD43E2A67DC720046B39D /* Sources */ = {
			isa = PBXSourcesBuildPhase;
			buildActionMask = 2147483647;
			files = (
				4F5AD4492A67DC720046B39D /* MeuAppTesteUITestsLaunchTests.swift in Sources */,
				4F5AD4472A67DC720046B39D /* MeuAppTesteUITests.swift in Sources */,
			);
			runOnlyForDeploymentPostprocessing = 0;
		};
/* End PBXSourcesBuildPhase section */

/* Begin PBXTargetDependency section */
		4F5AD43A2A67DC720046B39D /* PBXTargetDependency */ = {
			isa = PBXTargetDependency;
			target = 4F5AD4272A67DC710046B39D /* MeuAppTeste */;
			targetProxy = 4F5AD4392A67DC720046B39D /* PBXContainerItemProxy */;
		};
		4F5AD4442A67DC720046B39D /* PBXTargetDependency */ = {
			isa = PBXTargetDependency;
			target = 4F5AD4272A67DC710046B39D /* MeuAppTeste */;
			targetProxy = 4F5AD4432A67DC720046B39D /* PBXContainerItemProxy */;
		};
/* End PBXTargetDependency section */

/* Begin XCBuildConfiguration section */
		4F5AD44A2A67DC720046B39D /* Debug */ = {
			isa = XCBuildConfiguration;
			buildSettings = {
				ALWAYS_SEARCH_USER_PATHS = NO;
				CLANG_ANALYZER_NONNULL = YES;
				CLANG_ANALYZER_NUMBER_OBJECT_CONVERSION = YES_AGGRESSIVE;
				CLANG_CXX_LANGUAGE_STANDARD = "gnu++20";
				CLANG_ENABLE_MODULES = YES;
				CLANG_ENABLE_OBJC_ARC = YES;
				CLANG_ENABLE_OBJC_WEAK = YES;
				CLANG_WARN_BLOCK_CAPTURE_AUTORELEASING = YES;
				CLANG_WARN_BOOL_CONVERSION = YES;
				CLANG_WARN_COMMA = YES;
				CLANG_WARN_CONSTANT_CONVERSION = YES;
				CLANG_WARN_DEPRECATED_OBJC_IMPLEMENTATIONS = YES;
				CLANG_WARN_DIRECT_OBJC_ISA_USAGE = YES_ERROR;
				CLANG_WARN_DOCUMENTATION_COMMENTS = YES;
				CLANG_WARN_EMPTY_BODY = YES;
				CLANG_WARN_ENUM_CONVERSION = YES;
				CLANG_WARN_INFINITE_RECURSION = YES;
				CLANG_WARN_INT_CONVERSION = YES;
				CLANG_WARN_NON_LITERAL_NULL_CONVERSION = YES;
				CLANG_WARN_OBJC_IMPLICIT_RETAIN_SELF = YES;
				CLANG_WARN_OBJC_LITERAL_CONVERSION = YES;
				CLANG_WARN_OBJC_ROOT_CLASS = YES_ERROR;
				CLANG_WARN_QUOTED_INCLUDE_IN_FRAMEWORK_HEADER = YES;
				CLANG_WARN_RANGE_LOOP_ANALYSIS = YES;
				CLANG_WARN_STRICT_PROTOTYPES = YES;
				CLANG_WARN_SUSPICIOUS_MOVE = YES;
				CLANG_WARN_UNGUARDED_AVAILABILITY = YES_AGGRESSIVE;
				CLANG_WARN_UNREACHABLE_CODE = YES;
				CLANG_WARN__DUPLICATE_METHOD_MATCH = YES;
				COPY_PHASE_STRIP = NO;
				DEBUG_INFORMATION_FORMAT = dwarf;
				ENABLE_STRICT_OBJC_MSGSEND = YES;
				ENABLE_TESTABILITY = YES;
				GCC_C_LANGUAGE_STANDARD = gnu11;
				GCC_DYNAMIC_NO_PIC = NO;
				GCC_NO_COMMON_BLOCKS = YES;
				GCC_OPTIMIZATION_LEVEL = 0;
				GCC_PREPROCESSOR_DEFINITIONS = (
					"DEBUG=1",
					"$(inherited)",
				);
				GCC_WARN_64_TO_32_BIT_CONVERSION = YES;
				GCC_WARN_ABOUT_RETURN_TYPE = YES_ERROR;
				GCC_WARN_UNDECLARED_SELECTOR = YES;
				GCC_WARN_UNINITIALIZED_AUTOS = YES_AGGRESSIVE;
				GCC_WARN_UNUSED_FUNCTION = YES;
				GCC_WARN_UNUSED_VARIABLE = YES;
				IPHONEOS_DEPLOYMENT_TARGET = 16.4;
				MTL_ENABLE_DEBUG_INFO = INCLUDE_SOURCE;
				MTL_FAST_MATH = YES;
				ONLY_ACTIVE_ARCH = YES;
				SDKROOT = iphoneos;
				SWIFT_ACTIVE_COMPILATION_CONDITIONS = DEBUG;
				SWIFT_OPTIMIZATION_LEVEL = "-Onone";
			};
			name = Debug;
		};
		4F5AD44B2A67DC720046B39D /* Release */ = {
			isa = XCBuildConfiguration;
			buildSettings = {
				ALWAYS_SEARCH_USER_PATHS = NO;
				CLANG_ANALYZER_NONNULL = YES;
				CLANG_ANALYZER_NUMBER_OBJECT_CONVERSION = YES_AGGRESSIVE;
				CLANG_CXX_LANGUAGE_STANDARD = "gnu++20";
				CLANG_ENABLE_MODULES = YES;
				CLANG_ENABLE_OBJC_ARC = YES;
				CLANG_ENABLE_OBJC_WEAK = YES;
				CLANG_WARN_BLOCK_CAPTURE_AUTORELEASING = YES;
				CLANG_WARN_BOOL_CONVERSION = YES;
				CLANG_WARN_COMMA = YES;
				CLANG_WARN_CONSTANT_CONVERSION = YES;
				CLANG_WARN_DEPRECATED_OBJC_IMPLEMENTATIONS = YES;
				CLANG_WARN_DIRECT_OBJC_ISA_USAGE = YES_ERROR;
				CLANG_WARN_DOCUMENTATION_COMMENTS = YES;
				CLANG_WARN_EMPTY_BODY = YES;
				CLANG_WARN_ENUM_CONVERSION = YES;
				CLANG_WARN_INFINITE_RECURSION = YES;
				CLANG_WARN_INT_CONVERSION = YES;
				CLANG_WARN_NON_LITERAL_NULL_CONVERSION = YES;
				CLANG_WARN_OBJC_IMPLICIT_RETAIN_SELF = YES;
				CLANG_WARN_OBJC_LITERAL_CONVERSION = YES;
				CLANG_WARN_OBJC_ROOT_CLASS = YES_ERROR;
				CLANG_WARN_QUOTED_INCLUDE_IN_FRAMEWORK_HEADER = YES;
				CLANG_WARN_RANGE_LOOP_ANALYSIS = YES;
				CLANG_WARN_STRICT_PROTOTYPES = YES;
				CLANG_WARN_SUSPICIOUS_MOVE = YES;
				CLANG_WARN_UNGUARDED_AVAILABILITY = YES_AGGRESSIVE;
				CLANG_WARN_UNREACHABLE_CODE = YES;
				CLANG_WARN__DUPLICATE_METHOD_MATCH = YES;
				COPY_PHASE_STRIP = NO;
				DEBUG_INFORMATION_FORMAT = "dwarf-with-dsym";
				ENABLE_NS_ASSERTIONS = NO;
				ENABLE_STRICT_OBJC_MSGSEND = YES;
				GCC_C_LANGUAGE_STANDARD = gnu11;
				GCC_NO_COMMON_BLOCKS = YES;
				GCC_WARN_64_TO_32_BIT_CONVERSION = YES;
				GCC_WARN_ABOUT_RETURN_TYPE = YES_ERROR;
				GCC_WARN_UNDECLARED_SELECTOR = YES;
				GCC_WARN_UNINITIALIZED_AUTOS = YES_AGGRESSIVE;
				GCC_WARN_UNUSED_FUNCTION = YES;
				GCC_WARN_UNUSED_VARIABLE = YES;
				IPHONEOS_DEPLOYMENT_TARGET = 16.4;
				MTL_ENABLE_DEBUG_INFO = NO;
				MTL_FAST_MATH = YES;
				SDKROOT = iphoneos;
				SWIFT_COMPILATION_MODE = wholemodule;
				SWIFT_OPTIMIZATION_LEVEL = "-O";
				VALIDATE_PRODUCT = YES;
			};
			name = Release;
		};
		4F5AD44D2A67DC720046B39D /* Debug */ = {
			isa = XCBuildConfiguration;
			buildSettings = {
				ASSETCATALOG_COMPILER_APPICON_NAME = AppIcon;
				ASSETCATALOG_COMPILER_GLOBAL_ACCENT_COLOR_NAME = AccentColor;
				CODE_SIGN_STYLE = Automatic;
				CURRENT_PROJECT_VERSION = 1;
				DEVELOPMENT_ASSET_PATHS = "\"MeuAppTeste/Preview Content\"";
				ENABLE_PREVIEWS = YES;
				GENERATE_INFOPLIST_FILE = YES;
				INFOPLIST_KEY_UIApplicationSceneManifest_Generation = YES;
				INFOPLIST_KEY_UIApplicationSupportsIndirectInputEvents = YES;
				INFOPLIST_KEY_UILaunchScreen_Generation = YES;
				INFOPLIST_KEY_UISupportedInterfaceOrientations_iPad = "UIInterfaceOrientationPortrait UIInterfaceOrientationPortraitUpsideDown UIInterfaceOrientationLandscapeLeft UIInterfaceOrientationLandscapeRight";
				INFOPLIST_KEY_UISupportedInterfaceOrientations_iPhone = "UIInterfaceOrientationPortrait UIInterfaceOrientationLandscapeLeft UIInterfaceOrientationLandscapeRight";
				LD_RUNPATH_SEARCH_PATHS = (
					"$(inherited)",
					"@executable_path/Frameworks",
				);
				MARKETING_VERSION = 1.0;
				PRODUCT_BUNDLE_IDENTIFIER = com.code2dark.MeuAppTeste;
				PRODUCT_NAME = "$(TARGET_NAME)";
				SWIFT_EMIT_LOC_STRINGS = YES;
				SWIFT_VERSION = 5.0;
				TARGETED_DEVICE_FAMILY = "1,2";
			};
			name = Debug;
		};
		4F5AD44E2A67DC720046B39D /* Release */ = {
			isa = XCBuildConfiguration;
			buildSettings = {
				ASSETCATALOG_COMPILER_APPICON_NAME = AppIcon;
				ASSETCATALOG_COMPILER_GLOBAL_ACCENT_COLOR_NAME = AccentColor;
				CODE_SIGN_STYLE = Automatic;
				CURRENT_PROJECT_VERSION = 1;
				DEVELOPMENT_ASSET_PATHS = "\"MeuAppTeste/Preview Content\"";
				ENABLE_PREVIEWS = YES;
				GENERATE_INFOPLIST_FILE = YES;
				INFOPLIST_KEY_UIApplicationSceneManifest_Generation = YES;
				INFOPLIST_KEY_UIApplicationSupportsIndirectInputEvents = YES;
				INFOPLIST_KEY_UILaunchScreen_Generation = YES;
				INFOPLIST_KEY_UISupportedInterfaceOrientations_iPad = "UIInterfaceOrientationPortrait UIInterfaceOrientationPortraitUpsideDown UIInterfaceOrientationLandscapeLeft UIInterfaceOrientationLandscapeRight";
				INFOPLIST_KEY_UISupportedInterfaceOrientations_iPhone = "UIInterfaceOrientationPortrait UIInterfaceOrientationLandscapeLeft UIInterfaceOrientationLandscapeRight";
				LD_RUNPATH_SEARCH_PATHS = (
					"$(inherited)",
					"@executable_path/Frameworks",
				);
				MARKETING_VERSION = 1.0;
				PRODUCT_BUNDLE_IDENTIFIER = com.code2dark.MeuAppTeste;
				PRODUCT_NAME = "$(TARGET_NAME)";
				SWIFT_EMIT_LOC_STRINGS = YES;
				SWIFT_VERSION = 5.0;
				TARGETED_DEVICE_FAMILY = "1,2";
			};
			name = Release;
		};
		4F5AD4502A67DC720046B39D /* Debug */ = {
			isa = XCBuildConfiguration;
			buildSettings = {
				ALWAYS_EMBED_SWIFT_STANDARD_LIBRARIES = YES;
				BUNDLE_LOADER = "$(TEST_HOST)";
				CODE_SIGN_STYLE = Automatic;
				CURRENT_PROJECT_VERSION = 1;
				GENERATE_INFOPLIST_FILE = YES;
				IPHONEOS_DEPLOYMENT_TARGET = 16.4;
				MARKETING_VERSION = 1.0;
				PRODUCT_BUNDLE_IDENTIFIER = com.code2dark.MeuAppTesteTests;
				PRODUCT_NAME = "$(TARGET_NAME)";
				SWIFT_EMIT_LOC_STRINGS = NO;
				SWIFT_VERSION = 5.0;
				TARGETED_DEVICE_FAMILY = "1,2";
				TEST_HOST = "$(BUILT_PRODUCTS_DIR)/MeuAppTeste.app/$(BUNDLE_EXECUTABLE_FOLDER_PATH)/MeuAppTeste";
			};
			name = Debug;
		};
		4F5AD4512A67DC720046B39D /* Release */ = {
			isa = XCBuildConfiguration;
			buildSettings = {
				ALWAYS_EMBED_SWIFT_STANDARD_LIBRARIES = YES;
				BUNDLE_LOADER = "$(TEST_HOST)";
				CODE_SIGN_STYLE = Automatic;
				CURRENT_PROJECT_VERSION = 1;
				GENERATE_INFOPLIST_FILE = YES;
				IPHONEOS_DEPLOYMENT_TARGET = 16.4;
				MARKETING_VERSION = 1.0;
				PRODUCT_BUNDLE_IDENTIFIER = com.code2dark.MeuAppTesteTests;
				PRODUCT_NAME = "$(TARGET_NAME)";
				SWIFT_EMIT_LOC_STRINGS = NO;
				SWIFT_VERSION = 5.0;
				TARGETED_DEVICE_FAMILY = "1,2";
				TEST_HOST = "$(BUILT_PRODUCTS_DIR)/MeuAppTeste.app/$(BUNDLE_EXECUTABLE_FOLDER_PATH)/MeuAppTeste";
			};
			name = Release;
		};
		4F5AD4532A67DC720046B39D /* Debug */ = {
			isa = XCBuildConfiguration;
			buildSettings = {
				ALWAYS_EMBED_SWIFT_STANDARD_LIBRARIES = YES;
				CODE_SIGN_STYLE = Automatic;
				CURRENT_PROJECT_VERSION = 1;
				GENERATE_INFOPLIST_FILE = YES;
				MARKETING_VERSION = 1.0;
				PRODUCT_BUNDLE_IDENTIFIER = com.code2dark.MeuAppTesteUITests;
				PRODUCT_NAME = "$(TARGET_NAME)";
				SWIFT_EMIT_LOC_STRINGS = NO;
				SWIFT_VERSION = 5.0;
				TARGETED_DEVICE_FAMILY = "1,2";
				TEST_TARGET_NAME = MeuAppTeste;
			};
			name = Debug;
		};
		4F5AD4542A67DC720046B39D /* Release */ = {
			isa = XCBuildConfiguration;
			buildSettings = {
				ALWAYS_EMBED_SWIFT_STANDARD_LIBRARIES = YES;
				CODE_SIGN_STYLE = Automatic;
				CURRENT_PROJECT_VERSION = 1;
				GENERATE_INFOPLIST_FILE = YES;
				MARKETING_VERSION = 1.0;
				PRODUCT_BUNDLE_IDENTIFIER = com.code2dark.MeuAppTesteUITests;
				PRODUCT_NAME = "$(TARGET_NAME)";
				SWIFT_EMIT_LOC_STRINGS = NO;
				SWIFT_VERSION = 5.0;
				TARGETED_DEVICE_FAMILY = "1,2";
				TEST_TARGET_NAME = MeuAppTeste;
			};
			name = Release;
		};
/* End XCBuildConfiguration section */

/* Begin XCConfigurationList section */
		4F5AD4232A67DC710046B39D /* Build configuration list for PBXProject "MeuAppTeste" */ = {
			isa = XCConfigurationList;
			buildConfigurations = (
				4F5AD44A2A67DC720046B39D /* Debug */,
				4F5AD44B2A67DC720046B39D /* Release */,
			);
			defaultConfigurationIsVisible = 0;
			defaultConfigurationName = Release;
		};
		4F5AD44C2A67DC720046B39D /* Build configuration list for PBXNativeTarget "MeuAppTeste" */ = {
			isa = XCConfigurationList;
			buildConfigurations = (
				4F5AD44D2A67DC720046B39D /* Debug */,
				4F5AD44E2A67DC720046B39D /* Release */,
			);
			defaultConfigurationIsVisible = 0;
			defaultConfigurationName = Release;
		};
		4F5AD44F2A67DC720046B39D /* Build configuration list for PBXNativeTarget "MeuAppTesteTests" */ = {
			isa = XCConfigurationList;
			buildConfigurations = (
				4F5AD4502A67DC720046B39D /* Debug */,
				4F5AD4512A67DC720046B39D /* Release */,
			);
			defaultConfigurationIsVisible = 0;
			defaultConfigurationName = Release;
		};
		4F5AD4522A67DC720046B39D /* Build configuration list for PBXNativeTarget "MeuAppTesteUITests" */ = {
			isa = XCConfigurationList;
			buildConfigurations = (
				4F5AD4532A67DC720046B39D /* Debug */,
				4F5AD4542A67DC720046B39D /* Release */,
			);
			defaultConfigurationIsVisible = 0;
			defaultConfigurationName = Release;
		};
/* End XCConfigurationList section */
	};
	rootObject = 4F5AD4202A67DC710046B39D /* Project object */;
}
